// !$*UTF8*$!
{
	archiveVersion = 1;
	classes = {
	};
	objectVersion = 46;
	objects = {

/* Begin PBXBuildFile section */
		4CCD64E91F0FEE0300BC3368 /* AppDelegate.swift in Sources */ = {isa = PBXBuildFile; fileRef = 4CCD64E81F0FEE0300BC3368 /* AppDelegate.swift */; };
		4CCD64EB1F0FEE0300BC3368 /* ViewController.swift in Sources */ = {isa = PBXBuildFile; fileRef = 4CCD64EA1F0FEE0300BC3368 /* ViewController.swift */; };
		4CCD64EE1F0FEE0300BC3368 /* Main.storyboard in Resources */ = {isa = PBXBuildFile; fileRef = 4CCD64EC1F0FEE0300BC3368 /* Main.storyboard */; };
		4CCD64F11F0FEE0300BC3368 /* CapTechChallengeThree.xcdatamodeld in Sources */ = {isa = PBXBuildFile; fileRef = 4CCD64EF1F0FEE0300BC3368 /* CapTechChallengeThree.xcdatamodeld */; };
		4CCD64F31F0FEE0300BC3368 /* Assets.xcassets in Resources */ = {isa = PBXBuildFile; fileRef = 4CCD64F21F0FEE0300BC3368 /* Assets.xcassets */; };
		4CCD64F61F0FEE0300BC3368 /* LaunchScreen.storyboard in Resources */ = {isa = PBXBuildFile; fileRef = 4CCD64F41F0FEE0300BC3368 /* LaunchScreen.storyboard */; };
		4CCD65011F0FEE0300BC3368 /* CapTechChallengeThreeTests.swift in Sources */ = {isa = PBXBuildFile; fileRef = 4CCD65001F0FEE0300BC3368 /* CapTechChallengeThreeTests.swift */; };
		4CCD650C1F0FEE0400BC3368 /* CapTechChallengeThreeUITests.swift in Sources */ = {isa = PBXBuildFile; fileRef = 4CCD650B1F0FEE0400BC3368 /* CapTechChallengeThreeUITests.swift */; };
/* End PBXBuildFile section */

/* Begin PBXContainerItemProxy section */
		4CCD64FD1F0FEE0300BC3368 /* PBXContainerItemProxy */ = {
			isa = PBXContainerItemProxy;
			containerPortal = 4CCD64DD1F0FEE0300BC3368 /* Project object */;
			proxyType = 1;
			remoteGlobalIDString = 4CCD64E41F0FEE0300BC3368;
			remoteInfo = CapTechChallengeThree;
		};
		4CCD65081F0FEE0400BC3368 /* PBXContainerItemProxy */ = {
			isa = PBXContainerItemProxy;
			containerPortal = 4CCD64DD1F0FEE0300BC3368 /* Project object */;
			proxyType = 1;
			remoteGlobalIDString = 4CCD64E41F0FEE0300BC3368;
			remoteInfo = CapTechChallengeThree;
		};
/* End PBXContainerItemProxy section */

/* Begin PBXFileReference section */
		4CCD64E51F0FEE0300BC3368 /* CapTechChallengeThree.app */ = {isa = PBXFileReference; explicitFileType = wrapper.application; includeInIndex = 0; path = CapTechChallengeThree.app; sourceTree = BUILT_PRODUCTS_DIR; };
		4CCD64E81F0FEE0300BC3368 /* AppDelegate.swift */ = {isa = PBXFileReference; lastKnownFileType = sourcecode.swift; path = AppDelegate.swift; sourceTree = "<group>"; };
		4CCD64EA1F0FEE0300BC3368 /* ViewController.swift */ = {isa = PBXFileReference; lastKnownFileType = sourcecode.swift; path = ViewController.swift; sourceTree = "<group>"; };
		4CCD64ED1F0FEE0300BC3368 /* Base */ = {isa = PBXFileReference; lastKnownFileType = file.storyboard; name = Base; path = Base.lproj/Main.storyboard; sourceTree = "<group>"; };
		4CCD64F01F0FEE0300BC3368 /* CapTechChallengeThree.xcdatamodel */ = {isa = PBXFileReference; lastKnownFileType = wrapper.xcdatamodel; path = CapTechChallengeThree.xcdatamodel; sourceTree = "<group>"; };
		4CCD64F21F0FEE0300BC3368 /* Assets.xcassets */ = {isa = PBXFileReference; lastKnownFileType = folder.assetcatalog; path = Assets.xcassets; sourceTree = "<group>"; };
		4CCD64F51F0FEE0300BC3368 /* Base */ = {isa = PBXFileReference; lastKnownFileType = file.storyboard; name = Base; path = Base.lproj/LaunchScreen.storyboard; sourceTree = "<group>"; };
		4CCD64F71F0FEE0300BC3368 /* Info.plist */ = {isa = PBXFileReference; lastKnownFileType = text.plist.xml; path = Info.plist; sourceTree = "<group>"; };
		4CCD64FC1F0FEE0300BC3368 /* CapTechChallengeThreeTests.xctest */ = {isa = PBXFileReference; explicitFileType = wrapper.cfbundle; includeInIndex = 0; path = CapTechChallengeThreeTests.xctest; sourceTree = BUILT_PRODUCTS_DIR; };
		4CCD65001F0FEE0300BC3368 /* CapTechChallengeThreeTests.swift */ = {isa = PBXFileReference; lastKnownFileType = sourcecode.swift; path = CapTechChallengeThreeTests.swift; sourceTree = "<group>"; };
		4CCD65021F0FEE0300BC3368 /* Info.plist */ = {isa = PBXFileReference; lastKnownFileType = text.plist.xml; path = Info.plist; sourceTree = "<group>"; };
		4CCD65071F0FEE0400BC3368 /* CapTechChallengeThreeUITests.xctest */ = {isa = PBXFileReference; explicitFileType = wrapper.cfbundle; includeInIndex = 0; path = CapTechChallengeThreeUITests.xctest; sourceTree = BUILT_PRODUCTS_DIR; };
		4CCD650B1F0FEE0400BC3368 /* CapTechChallengeThreeUITests.swift */ = {isa = PBXFileReference; lastKnownFileType = sourcecode.swift; path = CapTechChallengeThreeUITests.swift; sourceTree = "<group>"; };
		4CCD650D1F0FEE0400BC3368 /* Info.plist */ = {isa = PBXFileReference; lastKnownFileType = text.plist.xml; path = Info.plist; sourceTree = "<group>"; };
/* End PBXFileReference section */

/* Begin PBXFrameworksBuildPhase section */
		4CCD64E21F0FEE0300BC3368 /* Frameworks */ = {
			isa = PBXFrameworksBuildPhase;
			buildActionMask = 2147483647;
			files = (
			);
			runOnlyForDeploymentPostprocessing = 0;
		};
		4CCD64F91F0FEE0300BC3368 /* Frameworks */ = {
			isa = PBXFrameworksBuildPhase;
			buildActionMask = 2147483647;
			files = (
			);
			runOnlyForDeploymentPostprocessing = 0;
		};
		4CCD65041F0FEE0400BC3368 /* Frameworks */ = {
			isa = PBXFrameworksBuildPhase;
			buildActionMask = 2147483647;
			files = (
			);
			runOnlyForDeploymentPostprocessing = 0;
		};
/* End PBXFrameworksBuildPhase section */

/* Begin PBXGroup section */
		4CCD64DC1F0FEE0300BC3368 = {
			isa = PBXGroup;
			children = (
				4CCD64E71F0FEE0300BC3368 /* CapTechChallengeThree */,
				4CCD64FF1F0FEE0300BC3368 /* CapTechChallengeThreeTests */,
				4CCD650A1F0FEE0400BC3368 /* CapTechChallengeThreeUITests */,
				4CCD64E61F0FEE0300BC3368 /* Products */,
			);
			sourceTree = "<group>";
		};
		4CCD64E61F0FEE0300BC3368 /* Products */ = {
			isa = PBXGroup;
			children = (
				4CCD64E51F0FEE0300BC3368 /* CapTechChallengeThree.app */,
				4CCD64FC1F0FEE0300BC3368 /* CapTechChallengeThreeTests.xctest */,
				4CCD65071F0FEE0400BC3368 /* CapTechChallengeThreeUITests.xctest */,
			);
			name = Products;
			sourceTree = "<group>";
		};
		4CCD64E71F0FEE0300BC3368 /* CapTechChallengeThree */ = {
			isa = PBXGroup;
			children = (
				4CCD64E81F0FEE0300BC3368 /* AppDelegate.swift */,
				4CCD64EA1F0FEE0300BC3368 /* ViewController.swift */,
				4CCD64EC1F0FEE0300BC3368 /* Main.storyboard */,
				4CCD64F21F0FEE0300BC3368 /* Assets.xcassets */,
				4CCD64F41F0FEE0300BC3368 /* LaunchScreen.storyboard */,
				4CCD64F71F0FEE0300BC3368 /* Info.plist */,
				4CCD64EF1F0FEE0300BC3368 /* CapTechChallengeThree.xcdatamodeld */,
			);
			path = CapTechChallengeThree;
			sourceTree = "<group>";
		};
		4CCD64FF1F0FEE0300BC3368 /* CapTechChallengeThreeTests */ = {
			isa = PBXGroup;
			children = (
				4CCD65001F0FEE0300BC3368 /* CapTechChallengeThreeTests.swift */,
				4CCD65021F0FEE0300BC3368 /* Info.plist */,
			);
			path = CapTechChallengeThreeTests;
			sourceTree = "<group>";
		};
		4CCD650A1F0FEE0400BC3368 /* CapTechChallengeThreeUITests */ = {
			isa = PBXGroup;
			children = (
				4CCD650B1F0FEE0400BC3368 /* CapTechChallengeThreeUITests.swift */,
				4CCD650D1F0FEE0400BC3368 /* Info.plist */,
			);
			path = CapTechChallengeThreeUITests;
			sourceTree = "<group>";
		};
/* End PBXGroup section */

/* Begin PBXNativeTarget section */
		4CCD64E41F0FEE0300BC3368 /* CapTechChallengeThree */ = {
			isa = PBXNativeTarget;
			buildConfigurationList = 4CCD65101F0FEE0400BC3368 /* Build configuration list for PBXNativeTarget "CapTechChallengeThree" */;
			buildPhases = (
				4CCD64E11F0FEE0300BC3368 /* Sources */,
				4CCD64E21F0FEE0300BC3368 /* Frameworks */,
				4CCD64E31F0FEE0300BC3368 /* Resources */,
			);
			buildRules = (
			);
			dependencies = (
			);
			name = CapTechChallengeThree;
			productName = CapTechChallengeThree;
			productReference = 4CCD64E51F0FEE0300BC3368 /* CapTechChallengeThree.app */;
			productType = "com.apple.product-type.application";
		};
		4CCD64FB1F0FEE0300BC3368 /* CapTechChallengeThreeTests */ = {
			isa = PBXNativeTarget;
			buildConfigurationList = 4CCD65131F0FEE0400BC3368 /* Build configuration list for PBXNativeTarget "CapTechChallengeThreeTests" */;
			buildPhases = (
				4CCD64F81F0FEE0300BC3368 /* Sources */,
				4CCD64F91F0FEE0300BC3368 /* Frameworks */,
				4CCD64FA1F0FEE0300BC3368 /* Resources */,
			);
			buildRules = (
			);
			dependencies = (
				4CCD64FE1F0FEE0300BC3368 /* PBXTargetDependency */,
			);
			name = CapTechChallengeThreeTests;
			productName = CapTechChallengeThreeTests;
			productReference = 4CCD64FC1F0FEE0300BC3368 /* CapTechChallengeThreeTests.xctest */;
			productType = "com.apple.product-type.bundle.unit-test";
		};
		4CCD65061F0FEE0400BC3368 /* CapTechChallengeThreeUITests */ = {
			isa = PBXNativeTarget;
			buildConfigurationList = 4CCD65161F0FEE0400BC3368 /* Build configuration list for PBXNativeTarget "CapTechChallengeThreeUITests" */;
			buildPhases = (
				4CCD65031F0FEE0400BC3368 /* Sources */,
				4CCD65041F0FEE0400BC3368 /* Frameworks */,
				4CCD65051F0FEE0400BC3368 /* Resources */,
			);
			buildRules = (
			);
			dependencies = (
				4CCD65091F0FEE0400BC3368 /* PBXTargetDependency */,
			);
			name = CapTechChallengeThreeUITests;
			productName = CapTechChallengeThreeUITests;
			productReference = 4CCD65071F0FEE0400BC3368 /* CapTechChallengeThreeUITests.xctest */;
			productType = "com.apple.product-type.bundle.ui-testing";
		};
/* End PBXNativeTarget section */

/* Begin PBXProject section */
		4CCD64DD1F0FEE0300BC3368 /* Project object */ = {
			isa = PBXProject;
			attributes = {
				LastSwiftUpdateCheck = 0830;
				LastUpgradeCheck = 0830;
				ORGANIZATIONNAME = "Corey Davis";
				TargetAttributes = {
					4CCD64E41F0FEE0300BC3368 = {
						CreatedOnToolsVersion = 8.3.3;
						DevelopmentTeam = 3Q4M6DQ9WM;
						ProvisioningStyle = Automatic;
					};
					4CCD64FB1F0FEE0300BC3368 = {
						CreatedOnToolsVersion = 8.3.3;
						DevelopmentTeam = 3Q4M6DQ9WM;
						ProvisioningStyle = Automatic;
						TestTargetID = 4CCD64E41F0FEE0300BC3368;
					};
					4CCD65061F0FEE0400BC3368 = {
						CreatedOnToolsVersion = 8.3.3;
						DevelopmentTeam = 3Q4M6DQ9WM;
						ProvisioningStyle = Automatic;
						TestTargetID = 4CCD64E41F0FEE0300BC3368;
					};
				};
			};
			buildConfigurationList = 4CCD64E01F0FEE0300BC3368 /* Build configuration list for PBXProject "CapTechChallengeThree" */;
			compatibilityVersion = "Xcode 3.2";
			developmentRegion = English;
			hasScannedForEncodings = 0;
			knownRegions = (
				en,
				Base,
			);
			mainGroup = 4CCD64DC1F0FEE0300BC3368;
			productRefGroup = 4CCD64E61F0FEE0300BC3368 /* Products */;
			projectDirPath = "";
			projectRoot = "";
			targets = (
				4CCD64E41F0FEE0300BC3368 /* CapTechChallengeThree */,
				4CCD64FB1F0FEE0300BC3368 /* CapTechChallengeThreeTests */,
				4CCD65061F0FEE0400BC3368 /* CapTechChallengeThreeUITests */,
			);
		};
/* End PBXProject section */

/* Begin PBXResourcesBuildPhase section */
		4CCD64E31F0FEE0300BC3368 /* Resources */ = {
			isa = PBXResourcesBuildPhase;
			buildActionMask = 2147483647;
			files = (
				4CCD64F61F0FEE0300BC3368 /* LaunchScreen.storyboard in Resources */,
				4CCD64F31F0FEE0300BC3368 /* Assets.xcassets in Resources */,
				4CCD64EE1F0FEE0300BC3368 /* Main.storyboard in Resources */,
			);
			runOnlyForDeploymentPostprocessing = 0;
		};
		4CCD64FA1F0FEE0300BC3368 /* Resources */ = {
			isa = PBXResourcesBuildPhase;
			buildActionMask = 2147483647;
			files = (
			);
			runOnlyForDeploymentPostprocessing = 0;
		};
		4CCD65051F0FEE0400BC3368 /* Resources */ = {
			isa = PBXResourcesBuildPhase;
			buildActionMask = 2147483647;
			files = (
			);
			runOnlyForDeploymentPostprocessing = 0;
		};
/* End PBXResourcesBuildPhase section */

/* Begin PBXSourcesBuildPhase section */
		4CCD64E11F0FEE0300BC3368 /* Sources */ = {
			isa = PBXSourcesBuildPhase;
			buildActionMask = 2147483647;
			files = (
				4CCD64EB1F0FEE0300BC3368 /* ViewController.swift in Sources */,
				4CCD64F11F0FEE0300BC3368 /* CapTechChallengeThree.xcdatamodeld in Sources */,
				4CCD64E91F0FEE0300BC3368 /* AppDelegate.swift in Sources */,
			);
			runOnlyForDeploymentPostprocessing = 0;
		};
		4CCD64F81F0FEE0300BC3368 /* Sources */ = {
			isa = PBXSourcesBuildPhase;
			buildActionMask = 2147483647;
			files = (
				4CCD65011F0FEE0300BC3368 /* CapTechChallengeThreeTests.swift in Sources */,
			);
			runOnlyForDeploymentPostprocessing = 0;
		};
		4CCD65031F0FEE0400BC3368 /* Sources */ = {
			isa = PBXSourcesBuildPhase;
			buildActionMask = 2147483647;
			files = (
				4CCD650C1F0FEE0400BC3368 /* CapTechChallengeThreeUITests.swift in Sources */,
			);
			runOnlyForDeploymentPostprocessing = 0;
		};
/* End PBXSourcesBuildPhase section */

/* Begin PBXTargetDependency section */
		4CCD64FE1F0FEE0300BC3368 /* PBXTargetDependency */ = {
			isa = PBXTargetDependency;
			target = 4CCD64E41F0FEE0300BC3368 /* CapTechChallengeThree */;
			targetProxy = 4CCD64FD1F0FEE0300BC3368 /* PBXContainerItemProxy */;
		};
		4CCD65091F0FEE0400BC3368 /* PBXTargetDependency */ = {
			isa = PBXTargetDependency;
			target = 4CCD64E41F0FEE0300BC3368 /* CapTechChallengeThree */;
			targetProxy = 4CCD65081F0FEE0400BC3368 /* PBXContainerItemProxy */;
		};
/* End PBXTargetDependency section */

/* Begin PBXVariantGroup section */
		4CCD64EC1F0FEE0300BC3368 /* Main.storyboard */ = {
			isa = PBXVariantGroup;
			children = (
				4CCD64ED1F0FEE0300BC3368 /* Base */,
			);
			name = Main.storyboard;
			sourceTree = "<group>";
		};
		4CCD64F41F0FEE0300BC3368 /* LaunchScreen.storyboard */ = {
			isa = PBXVariantGroup;
			children = (
				4CCD64F51F0FEE0300BC3368 /* Base */,
			);
			name = LaunchScreen.storyboard;
			sourceTree = "<group>";
		};
/* End PBXVariantGroup section */

/* Begin XCBuildConfiguration section */
		4CCD650E1F0FEE0400BC3368 /* Debug */ = {
			isa = XCBuildConfiguration;
			buildSettings = {
				ALWAYS_SEARCH_USER_PATHS = NO;
				CLANG_ANALYZER_NONNULL = YES;
				CLANG_ANALYZER_NUMBER_OBJECT_CONVERSION = YES_AGGRESSIVE;
				CLANG_CXX_LANGUAGE_STANDARD = "gnu++0x";
				CLANG_CXX_LIBRARY = "libc++";
				CLANG_ENABLE_MODULES = YES;
				CLANG_ENABLE_OBJC_ARC = YES;
				CLANG_WARN_BOOL_CONVERSION = YES;
				CLANG_WARN_CONSTANT_CONVERSION = YES;
				CLANG_WARN_DIRECT_OBJC_ISA_USAGE = YES_ERROR;
				CLANG_WARN_DOCUMENTATION_COMMENTS = YES;
				CLANG_WARN_EMPTY_BODY = YES;
				CLANG_WARN_ENUM_CONVERSION = YES;
				CLANG_WARN_INFINITE_RECURSION = YES;
				CLANG_WARN_INT_CONVERSION = YES;
				CLANG_WARN_OBJC_ROOT_CLASS = YES_ERROR;
				CLANG_WARN_SUSPICIOUS_MOVE = YES;
				CLANG_WARN_UNREACHABLE_CODE = YES;
				CLANG_WARN__DUPLICATE_METHOD_MATCH = YES;
				"CODE_SIGN_IDENTITY[sdk=iphoneos*]" = "iPhone Developer";
				COPY_PHASE_STRIP = NO;
				DEBUG_INFORMATION_FORMAT = dwarf;
				ENABLE_STRICT_OBJC_MSGSEND = YES;
				ENABLE_TESTABILITY = YES;
				GCC_C_LANGUAGE_STANDARD = gnu99;
				GCC_DYNAMIC_NO_PIC = NO;
				GCC_NO_COMMON_BLOCKS = YES;
				GCC_OPTIMIZATION_LEVEL = 0;
				GCC_PREPROCESSOR_DEFINITIONS = (
					"DEBUG=1",
					"$(inherited)",
				);
				GCC_WARN_64_TO_32_BIT_CONVERSION = YES;
				GCC_WARN_ABOUT_RETURN_TYPE = YES_ERROR;
				GCC_WARN_UNDECLARED_SELECTOR = YES;
				GCC_WARN_UNINITIALIZED_AUTOS = YES_AGGRESSIVE;
				GCC_WARN_UNUSED_FUNCTION = YES;
				GCC_WARN_UNUSED_VARIABLE = YES;
				IPHONEOS_DEPLOYMENT_TARGET = 10.3;
				MTL_ENABLE_DEBUG_INFO = YES;
				ONLY_ACTIVE_ARCH = YES;
				SDKROOT = iphoneos;
				SWIFT_ACTIVE_COMPILATION_CONDITIONS = DEBUG;
				SWIFT_OPTIMIZATION_LEVEL = "-Onone";
				TARGETED_DEVICE_FAMILY = "1,2";
			};
			name = Debug;
		};
		4CCD650F1F0FEE0400BC3368 /* Release */ = {
			isa = XCBuildConfiguration;
			buildSettings = {
				ALWAYS_SEARCH_USER_PATHS = NO;
				CLANG_ANALYZER_NONNULL = YES;
				CLANG_ANALYZER_NUMBER_OBJECT_CONVERSION = YES_AGGRESSIVE;
				CLANG_CXX_LANGUAGE_STANDARD = "gnu++0x";
				CLANG_CXX_LIBRARY = "libc++";
				CLANG_ENABLE_MODULES = YES;
				CLANG_ENABLE_OBJC_ARC = YES;
				CLANG_WARN_BOOL_CONVERSION = YES;
				CLANG_WARN_CONSTANT_CONVERSION = YES;
				CLANG_WARN_DIRECT_OBJC_ISA_USAGE = YES_ERROR;
				CLANG_WARN_DOCUMENTATION_COMMENTS = YES;
				CLANG_WARN_EMPTY_BODY = YES;
				CLANG_WARN_ENUM_CONVERSION = YES;
				CLANG_WARN_INFINITE_RECURSION = YES;
				CLANG_WARN_INT_CONVERSION = YES;
				CLANG_WARN_OBJC_ROOT_CLASS = YES_ERROR;
				CLANG_WARN_SUSPICIOUS_MOVE = YES;
				CLANG_WARN_UNREACHABLE_CODE = YES;
				CLANG_WARN__DUPLICATE_METHOD_MATCH = YES;
				"CODE_SIGN_IDENTITY[sdk=iphoneos*]" = "iPhone Developer";
				COPY_PHASE_STRIP = NO;
				DEBUG_INFORMATION_FORMAT = "dwarf-with-dsym";
				ENABLE_NS_ASSERTIONS = NO;
				ENABLE_STRICT_OBJC_MSGSEND = YES;
				GCC_C_LANGUAGE_STANDARD = gnu99;
				GCC_NO_COMMON_BLOCKS = YES;
				GCC_WARN_64_TO_32_BIT_CONVERSION = YES;
				GCC_WARN_ABOUT_RETURN_TYPE = YES_ERROR;
				GCC_WARN_UNDECLARED_SELECTOR = YES;
				GCC_WARN_UNINITIALIZED_AUTOS = YES_AGGRESSIVE;
				GCC_WARN_UNUSED_FUNCTION = YES;
				GCC_WARN_UNUSED_VARIABLE = YES;
				IPHONEOS_DEPLOYMENT_TARGET = 10.3;
				MTL_ENABLE_DEBUG_INFO = NO;
				SDKROOT = iphoneos;
				SWIFT_OPTIMIZATION_LEVEL = "-Owholemodule";
				TARGETED_DEVICE_FAMILY = "1,2";
				VALIDATE_PRODUCT = YES;
			};
			name = Release;
		};
		4CCD65111F0FEE0400BC3368 /* Debug */ = {
			isa = XCBuildConfiguration;
			buildSettings = {
				ASSETCATALOG_COMPILER_APPICON_NAME = AppIcon;
				DEVELOPMENT_TEAM = 3Q4M6DQ9WM;
				INFOPLIST_FILE = CapTechChallengeThree/Info.plist;
				LD_RUNPATH_SEARCH_PATHS = "$(inherited) @executable_path/Frameworks";
				PRODUCT_BUNDLE_IDENTIFIER = captech.CapTechChallengeThree;
				PRODUCT_NAME = "$(TARGET_NAME)";
				SWIFT_VERSION = 3.0;
			};
			name = Debug;
		};
		4CCD65121F0FEE0400BC3368 /* Release */ = {
			isa = XCBuildConfiguration;
			buildSettings = {
				ASSETCATALOG_COMPILER_APPICON_NAME = AppIcon;
				DEVELOPMENT_TEAM = 3Q4M6DQ9WM;
				INFOPLIST_FILE = CapTechChallengeThree/Info.plist;
				LD_RUNPATH_SEARCH_PATHS = "$(inherited) @executable_path/Frameworks";
				PRODUCT_BUNDLE_IDENTIFIER = captech.CapTechChallengeThree;
				PRODUCT_NAME = "$(TARGET_NAME)";
				SWIFT_VERSION = 3.0;
			};
			name = Release;
		};
		4CCD65141F0FEE0400BC3368 /* Debug */ = {
			isa = XCBuildConfiguration;
			buildSettings = {
				ALWAYS_EMBED_SWIFT_STANDARD_LIBRARIES = YES;
				BUNDLE_LOADER = "$(TEST_HOST)";
				DEVELOPMENT_TEAM = 3Q4M6DQ9WM;
				INFOPLIST_FILE = CapTechChallengeThreeTests/Info.plist;
				LD_RUNPATH_SEARCH_PATHS = "$(inherited) @executable_path/Frameworks @loader_path/Frameworks";
				PRODUCT_BUNDLE_IDENTIFIER = captech.CapTechChallengeThreeTests;
				PRODUCT_NAME = "$(TARGET_NAME)";
				SWIFT_VERSION = 3.0;
				TEST_HOST = "$(BUILT_PRODUCTS_DIR)/CapTechChallengeThree.app/CapTechChallengeThree";
			};
			name = Debug;
		};
		4CCD65151F0FEE0400BC3368 /* Release */ = {
			isa = XCBuildConfiguration;
			buildSettings = {
				ALWAYS_EMBED_SWIFT_STANDARD_LIBRARIES = YES;
				BUNDLE_LOADER = "$(TEST_HOST)";
				DEVELOPMENT_TEAM = 3Q4M6DQ9WM;
				INFOPLIST_FILE = CapTechChallengeThreeTests/Info.plist;
				LD_RUNPATH_SEARCH_PATHS = "$(inherited) @executable_path/Frameworks @loader_path/Frameworks";
				PRODUCT_BUNDLE_IDENTIFIER = captech.CapTechChallengeThreeTests;
				PRODUCT_NAME = "$(TARGET_NAME)";
				SWIFT_VERSION = 3.0;
				TEST_HOST = "$(BUILT_PRODUCTS_DIR)/CapTechChallengeThree.app/CapTechChallengeThree";
			};
			name = Release;
		};
		4CCD65171F0FEE0400BC3368 /* Debug */ = {
			isa = XCBuildConfiguration;
			buildSettings = {
				ALWAYS_EMBED_SWIFT_STANDARD_LIBRARIES = YES;
				DEVELOPMENT_TEAM = 3Q4M6DQ9WM;
				INFOPLIST_FILE = CapTechChallengeThreeUITests/Info.plist;
				LD_RUNPATH_SEARCH_PATHS = "$(inherited) @executable_path/Frameworks @loader_path/Frameworks";
				PRODUCT_BUNDLE_IDENTIFIER = captech.CapTechChallengeThreeUITests;
				PRODUCT_NAME = "$(TARGET_NAME)";
				SWIFT_VERSION = 3.0;
				TEST_TARGET_NAME = CapTechChallengeThree;
			};
			name = Debug;
		};
		4CCD65181F0FEE0400BC3368 /* Release */ = {
			isa = XCBuildConfiguration;
			buildSettings = {
				ALWAYS_EMBED_SWIFT_STANDARD_LIBRARIES = YES;
				DEVELOPMENT_TEAM = 3Q4M6DQ9WM;
				INFOPLIST_FILE = CapTechChallengeThreeUITests/Info.plist;
				LD_RUNPATH_SEARCH_PATHS = "$(inherited) @executable_path/Frameworks @loader_path/Frameworks";
				PRODUCT_BUNDLE_IDENTIFIER = captech.CapTechChallengeThreeUITests;
				PRODUCT_NAME = "$(TARGET_NAME)";
				SWIFT_VERSION = 3.0;
				TEST_TARGET_NAME = CapTechChallengeThree;
			};
			name = Release;
		};
/* End XCBuildConfiguration section */

/* Begin XCConfigurationList section */
		4CCD64E01F0FEE0300BC3368 /* Build configuration list for PBXProject "CapTechChallengeThree" */ = {
			isa = XCConfigurationList;
			buildConfigurations = (
				4CCD650E1F0FEE0400BC3368 /* Debug */,
				4CCD650F1F0FEE0400BC3368 /* Release */,
			);
			defaultConfigurationIsVisible = 0;
			defaultConfigurationName = Release;
		};
		4CCD65101F0FEE0400BC3368 /* Build configuration list for PBXNativeTarget "CapTechChallengeThree" */ = {
			isa = XCConfigurationList;
			buildConfigurations = (
				4CCD65111F0FEE0400BC3368 /* Debug */,
				4CCD65121F0FEE0400BC3368 /* Release */,
			);
			defaultConfigurationIsVisible = 0;
		};
		4CCD65131F0FEE0400BC3368 /* Build configuration list for PBXNativeTarget "CapTechChallengeThreeTests" */ = {
			isa = XCConfigurationList;
			buildConfigurations = (
				4CCD65141F0FEE0400BC3368 /* Debug */,
				4CCD65151F0FEE0400BC3368 /* Release */,
			);
			defaultConfigurationIsVisible = 0;
		};
		4CCD65161F0FEE0400BC3368 /* Build configuration list for PBXNativeTarget "CapTechChallengeThreeUITests" */ = {
			isa = XCConfigurationList;
			buildConfigurations = (
				4CCD65171F0FEE0400BC3368 /* Debug */,
				4CCD65181F0FEE0400BC3368 /* Release */,
			);
			defaultConfigurationIsVisible = 0;
		};
/* End XCConfigurationList section */

/* Begin XCVersionGroup section */
		4CCD64EF1F0FEE0300BC3368 /* CapTechChallengeThree.xcdatamodeld */ = {
			isa = XCVersionGroup;
			children = (
				4CCD64F01F0FEE0300BC3368 /* CapTechChallengeThree.xcdatamodel */,
			);
			currentVersion = 4CCD64F01F0FEE0300BC3368 /* CapTechChallengeThree.xcdatamodel */;
			path = CapTechChallengeThree.xcdatamodeld;
			sourceTree = "<group>";
			versionGroupType = wrapper.xcdatamodel;
		};
/* End XCVersionGroup section */
	};
	rootObject = 4CCD64DD1F0FEE0300BC3368 /* Project object */;
}
